
Microsoft Visual Studio Solution File, Format Version 12.00
# Visual Studio Version 17
VisualStudioVersion = 17.14.36221.1
MinimumVisualStudioVersion = 10.0.40219.1
Project("{FAE04EC0-301F-11D3-BF4B-00C04F79EFBC}") = "PrograB3Project", "PrograB3Project.csproj", "{A2221B70-6DA9-4BCC-B758-0A6D57C1331C}"
EndProject
Project("{FAE04EC0-301F-11D3-BF4B-00C04F79EFBC}") = "PrograB3ProjectTest", "PrograB3ProjectTest\PrograB3ProjectTest.csproj", "{78290E07-4583-FB37-B734-00AFD502A335}"
EndProject
Global
	GlobalSection(SolutionConfigurationPlatforms) = preSolution
		Debug|Any CPU = Debug|Any CPU
		Release|Any CPU = Release|Any CPU
	EndGlobalSection
	GlobalSection(ProjectConfigurationPlatforms) = postSolution
		{A2221B70-6DA9-4BCC-B758-0A6D57C1331C}.Debug|Any CPU.ActiveCfg = Debug|Any CPU
		{A2221B70-6DA9-4BCC-B758-0A6D57C1331C}.Debug|Any CPU.Build.0 = Debug|Any CPU
		{A2221B70-6DA9-4BCC-B758-0A6D57C1331C}.Release|Any CPU.ActiveCfg = Release|Any CPU
		{A2221B70-6DA9-4BCC-B758-0A6D57C1331C}.Release|Any CPU.Build.0 = Release|Any CPU
		{78290E07-4583-FB37-B734-00AFD502A335}.Debug|Any CPU.ActiveCfg = Debug|Any CPU
		{78290E07-4583-FB37-B734-00AFD502A335}.Debug|Any CPU.Build.0 = Debug|Any CPU
		{78290E07-4583-FB37-B734-00AFD502A335}.Release|Any CPU.ActiveCfg = Release|Any CPU
		{78290E07-4583-FB37-B734-00AFD502A335}.Release|Any CPU.Build.0 = Release|Any CPU
	EndGlobalSection
	GlobalSection(SolutionProperties) = preSolution
		HideSolutionNode = FALSE
	EndGlobalSection
	GlobalSection(ExtensibilityGlobals) = postSolution
		SolutionGuid = {69EF69B7-58B2-4C23-8C74-3345637C9320}
	EndGlobalSection
EndGlobal
